
Microsoft Visual Studio Solution File, Format Version 12.00
# Visual Studio 14
VisualStudioVersion = 14.0.25420.1
MinimumVisualStudioVersion = 10.0.40219.1
Project("{FAE04EC0-301F-11D3-BF4B-00C04F79EFBC}") = "Zani.Thomas.5i.XMLReadWrite2", "Zani.Thomas.5i.XMLReadWrite2\Zani.Thomas.5i.XMLReadWrite2.csproj", "{0BFD1B8A-5383-4C2B-A33A-2E233F7D01BF}"
EndProject
Global
	GlobalSection(SolutionConfigurationPlatforms) = preSolution
		Debug|Any CPU = Debug|Any CPU
		Release|Any CPU = Release|Any CPU
	EndGlobalSection
	GlobalSection(ProjectConfigurationPlatforms) = postSolution
		{0BFD1B8A-5383-4C2B-A33A-2E233F7D01BF}.Debug|Any CPU.ActiveCfg = Debug|Any CPU
		{0BFD1B8A-5383-4C2B-A33A-2E233F7D01BF}.Debug|Any CPU.Build.0 = Debug|Any CPU
		{0BFD1B8A-5383-4C2B-A33A-2E233F7D01BF}.Release|Any CPU.ActiveCfg = Release|Any CPU
		{0BFD1B8A-5383-4C2B-A33A-2E233F7D01BF}.Release|Any CPU.Build.0 = Release|Any CPU
	EndGlobalSection
	GlobalSection(SolutionProperties) = preSolution
		HideSolutionNode = FALSE
	EndGlobalSection
EndGlobal
